{
    "_meta": {
        "hash": {
            "sha256": "1d3213c4e913c7bf000fa21aef015269f7a259ce126c3855a9dfd77b297cf568"
        },
        "pipfile-spec": 6,
        "requires": {
            "python_version": "3.8"
        },
        "sources": [
            {
                "name": "pypi",
                "url": "https://pypi.org/simple",
                "verify_ssl": true
            }
        ]
    },
    "default": {
        "alive-progress": {
            "hashes": [
                "sha256:2a0d7516ec0f596d5ce53755c0913a909eb1c91854e1d782e511ef5e1dd53218",
                "sha256:9a0fae6b94fb4e4bcd9fb51760506d29a33358ebbfef2c6516dce3e359a661b5"
            ],
            "index": "pypi",
            "version": "==1.6.1"
        },
        "youtube-dl": {
            "hashes": [
                "sha256:9fc0389a1bbbeb609a5bb4ad5630dea107a9d1a24c73721c611a78c234309a75",
                "sha256:e54b307048bb18164729fb278013af6d5477c69c3d995147205a16f22a61296b"
            ],
            "index": "pypi",
            "version": "==2020.6.16.1"
        }
    },
    "develop": {}
}
